dependencies:
  bblanchon/arduinojson:
    component_hash: 5e6aff2bc5bc988b36c8e90c01e637495ee895ad3af93911860c21ec6da79b6a
    dependencies: []
    source:
      registry_url: https://components.espressif.com/
      type: service
    version: 7.4.3
  idf:
    source:
      type: idf
    version: 6.0.1
direct_dependencies:
- bblanchon/arduinojson
manifest_hash: 8c65a54e3b2af4eb63b85e7001c640cf3777057bdf0eff5628d8563625b08bc5
target: esp32
version: 3.0.0
